// !$*UTF8*$!
{
	archiveVersion = 1;
	classes = {
	};
	objectVersion = 55;
	objects = {

/* Begin PBXBuildFile section */
		5A7ACBC12849394900D70562 /* GoogleService-Info.plist in Resources */ = {isa = PBXBuildFile; fileRef = 5A7ACBC02849394900D70562 /* GoogleService-Info.plist */; };
		8A39B6CE283F8A8200E53FF2 /* AppDelegate.swift in Sources */ = {isa = PBXBuildFile; fileRef = 8A39B6CD283F8A8200E53FF2 /* AppDelegate.swift */; };
		8A39B6D0283F8A8200E53FF2 /* SceneDelegate.swift in Sources */ = {isa = PBXBuildFile; fileRef = 8A39B6CF283F8A8200E53FF2 /* SceneDelegate.swift */; };
		8A39B6D2283F8A8200E53FF2 /* LoginViewController.swift in Sources */ = {isa = PBXBuildFile; fileRef = 8A39B6D1283F8A8200E53FF2 /* LoginViewController.swift */; };
		8A39B6D5283F8A8200E53FF2 /* Main.storyboard in Resources */ = {isa = PBXBuildFile; fileRef = 8A39B6D3283F8A8200E53FF2 /* Main.storyboard */; };
		8A39B6D7283F8A8300E53FF2 /* Assets.xcassets in Resources */ = {isa = PBXBuildFile; fileRef = 8A39B6D6283F8A8300E53FF2 /* Assets.xcassets */; };
		8A39B6DA283F8A8300E53FF2 /* LaunchScreen.storyboard in Resources */ = {isa = PBXBuildFile; fileRef = 8A39B6D8283F8A8300E53FF2 /* LaunchScreen.storyboard */; };
		8A39B6E7283FB0A200E53FF2 /* AuthManager.swift in Sources */ = {isa = PBXBuildFile; fileRef = 8A39B6E6283FB0A200E53FF2 /* AuthManager.swift */; };
		8A39B6E9283FDD5000E53FF2 /* HomeViewController.swift in Sources */ = {isa = PBXBuildFile; fileRef = 8A39B6E8283FDD5000E53FF2 /* HomeViewController.swift */; };
		8A39B6EB283FE91B00E53FF2 /* Recipe.swift in Sources */ = {isa = PBXBuildFile; fileRef = 8A39B6EA283FE91B00E53FF2 /* Recipe.swift */; };
		8A39B6ED283FE97800E53FF2 /* HomeBrain.swift in Sources */ = {isa = PBXBuildFile; fileRef = 8A39B6EC283FE97800E53FF2 /* HomeBrain.swift */; };
		8A39B6EF283FEEA800E53FF2 /* AddRecipeViewController.swift in Sources */ = {isa = PBXBuildFile; fileRef = 8A39B6EE283FEEA800E53FF2 /* AddRecipeViewController.swift */; };
		8A39B6F1283FEEBB00E53FF2 /* RecipeDetailsViewController.swift in Sources */ = {isa = PBXBuildFile; fileRef = 8A39B6F0283FEEBB00E53FF2 /* RecipeDetailsViewController.swift */; };
		8A39B6F3283FEED200E53FF2 /* MyRecipeViewController.swift in Sources */ = {isa = PBXBuildFile; fileRef = 8A39B6F2283FEED200E53FF2 /* MyRecipeViewController.swift */; };
		8A39B6F52840024000E53FF2 /* AddRecipeBrain.swift in Sources */ = {isa = PBXBuildFile; fileRef = 8A39B6F42840024000E53FF2 /* AddRecipeBrain.swift */; };
		8A5DA5C4284222600070409E /* RecipeData.swift in Sources */ = {isa = PBXBuildFile; fileRef = 8A5DA5C3284222600070409E /* RecipeData.swift */; };
		8A66FD6B284288D300596D66 /* RecipeCell.swift in Sources */ = {isa = PBXBuildFile; fileRef = 8A66FD69284288D300596D66 /* RecipeCell.swift */; };
		8A66FD6C284288D300596D66 /* RecipeCell.xib in Resources */ = {isa = PBXBuildFile; fileRef = 8A66FD6A284288D300596D66 /* RecipeCell.xib */; };
		8AB8FD3028411B5F005CA76B /* User.swift in Sources */ = {isa = PBXBuildFile; fileRef = 8AB8FD2F28411B5E005CA76B /* User.swift */; };
		8AC4C8A8284695F7007BBAD8 /* RecipeDetailsBrain.swift in Sources */ = {isa = PBXBuildFile; fileRef = 8AC4C8A7284695F7007BBAD8 /* RecipeDetailsBrain.swift */; };
		DB7CF7E9BA5307CEB45C5382 /* Pods_CookBook.framework in Frameworks */ = {isa = PBXBuildFile; fileRef = 20C82ADF8A15BFEF4E326D63 /* Pods_CookBook.framework */; };
/* End PBXBuildFile section */

/* Begin PBXFileReference section */
		20C82ADF8A15BFEF4E326D63 /* Pods_CookBook.framework */ = {isa = PBXFileReference; explicitFileType = wrapper.framework; includeInIndex = 0; path = Pods_CookBook.framework; sourceTree = BUILT_PRODUCTS_DIR; };
		3C62C564712F05828F579C8D /* Pods-CookBook.release.xcconfig */ = {isa = PBXFileReference; includeInIndex = 1; lastKnownFileType = text.xcconfig; name = "Pods-CookBook.release.xcconfig"; path = "Target Support Files/Pods-CookBook/Pods-CookBook.release.xcconfig"; sourceTree = "<group>"; };
		5A7ACBC02849394900D70562 /* GoogleService-Info.plist */ = {isa = PBXFileReference; fileEncoding = 4; lastKnownFileType = text.plist.xml; name = "GoogleService-Info.plist"; path = "../../GoogleService-Info.plist"; sourceTree = "<group>"; };
		8A39B6CA283F8A8200E53FF2 /* CookBook.app */ = {isa = PBXFileReference; explicitFileType = wrapper.application; includeInIndex = 0; path = CookBook.app; sourceTree = BUILT_PRODUCTS_DIR; };
		8A39B6CD283F8A8200E53FF2 /* AppDelegate.swift */ = {isa = PBXFileReference; lastKnownFileType = sourcecode.swift; path = AppDelegate.swift; sourceTree = "<group>"; };
		8A39B6CF283F8A8200E53FF2 /* SceneDelegate.swift */ = {isa = PBXFileReference; lastKnownFileType = sourcecode.swift; path = SceneDelegate.swift; sourceTree = "<group>"; };
		8A39B6D1283F8A8200E53FF2 /* LoginViewController.swift */ = {isa = PBXFileReference; lastKnownFileType = sourcecode.swift; path = LoginViewController.swift; sourceTree = "<group>"; };
		8A39B6D4283F8A8200E53FF2 /* Base */ = {isa = PBXFileReference; lastKnownFileType = file.storyboard; name = Base; path = Base.lproj/Main.storyboard; sourceTree = "<group>"; };
		8A39B6D6283F8A8300E53FF2 /* Assets.xcassets */ = {isa = PBXFileReference; lastKnownFileType = folder.assetcatalog; path = Assets.xcassets; sourceTree = "<group>"; };
		8A39B6D9283F8A8300E53FF2 /* Base */ = {isa = PBXFileReference; lastKnownFileType = file.storyboard; name = Base; path = Base.lproj/LaunchScreen.storyboard; sourceTree = "<group>"; };
		8A39B6DB283F8A8300E53FF2 /* Info.plist */ = {isa = PBXFileReference; lastKnownFileType = text.plist.xml; path = Info.plist; sourceTree = "<group>"; };
		8A39B6E6283FB0A200E53FF2 /* AuthManager.swift */ = {isa = PBXFileReference; lastKnownFileType = sourcecode.swift; path = AuthManager.swift; sourceTree = "<group>"; };
		8A39B6E8283FDD5000E53FF2 /* HomeViewController.swift */ = {isa = PBXFileReference; lastKnownFileType = sourcecode.swift; path = HomeViewController.swift; sourceTree = "<group>"; };
		8A39B6EA283FE91B00E53FF2 /* Recipe.swift */ = {isa = PBXFileReference; lastKnownFileType = sourcecode.swift; path = Recipe.swift; sourceTree = "<group>"; };
		8A39B6EC283FE97800E53FF2 /* HomeBrain.swift */ = {isa = PBXFileReference; lastKnownFileType = sourcecode.swift; path = HomeBrain.swift; sourceTree = "<group>"; };
		8A39B6EE283FEEA800E53FF2 /* AddRecipeViewController.swift */ = {isa = PBXFileReference; lastKnownFileType = sourcecode.swift; path = AddRecipeViewController.swift; sourceTree = "<group>"; };
		8A39B6F0283FEEBB00E53FF2 /* RecipeDetailsViewController.swift */ = {isa = PBXFileReference; lastKnownFileType = sourcecode.swift; path = RecipeDetailsViewController.swift; sourceTree = "<group>"; };
		8A39B6F2283FEED200E53FF2 /* MyRecipeViewController.swift */ = {isa = PBXFileReference; lastKnownFileType = sourcecode.swift; path = MyRecipeViewController.swift; sourceTree = "<group>"; };
		8A39B6F42840024000E53FF2 /* AddRecipeBrain.swift */ = {isa = PBXFileReference; lastKnownFileType = sourcecode.swift; path = AddRecipeBrain.swift; sourceTree = "<group>"; };
		8A5DA5C3284222600070409E /* RecipeData.swift */ = {isa = PBXFileReference; lastKnownFileType = sourcecode.swift; path = RecipeData.swift; sourceTree = "<group>"; };
		8A66FD69284288D300596D66 /* RecipeCell.swift */ = {isa = PBXFileReference; lastKnownFileType = sourcecode.swift; path = RecipeCell.swift; sourceTree = "<group>"; };
		8A66FD6A284288D300596D66 /* RecipeCell.xib */ = {isa = PBXFileReference; lastKnownFileType = file.xib; path = RecipeCell.xib; sourceTree = "<group>"; };
		8AB8FD2F28411B5E005CA76B /* User.swift */ = {isa = PBXFileReference; lastKnownFileType = sourcecode.swift; path = User.swift; sourceTree = "<group>"; };
		8AC4C8A7284695F7007BBAD8 /* RecipeDetailsBrain.swift */ = {isa = PBXFileReference; lastKnownFileType = sourcecode.swift; path = RecipeDetailsBrain.swift; sourceTree = "<group>"; };
		E17199A0DF8AF0776A17CB82 /* Pods-CookBook.debug.xcconfig */ = {isa = PBXFileReference; includeInIndex = 1; lastKnownFileType = text.xcconfig; name = "Pods-CookBook.debug.xcconfig"; path = "Target Support Files/Pods-CookBook/Pods-CookBook.debug.xcconfig"; sourceTree = "<group>"; };
/* End PBXFileReference section */

/* Begin PBXFrameworksBuildPhase section */
		8A39B6C7283F8A8200E53FF2 /* Frameworks */ = {
			isa = PBXFrameworksBuildPhase;
			buildActionMask = 2147483647;
			files = (
				DB7CF7E9BA5307CEB45C5382 /* Pods_CookBook.framework in Frameworks */,
			);
			runOnlyForDeploymentPostprocessing = 0;
		};
/* End PBXFrameworksBuildPhase section */

/* Begin PBXGroup section */
		163234B9BE7921825BED8BDC /* Pods */ = {
			isa = PBXGroup;
			children = (
				E17199A0DF8AF0776A17CB82 /* Pods-CookBook.debug.xcconfig */,
				3C62C564712F05828F579C8D /* Pods-CookBook.release.xcconfig */,
			);
			path = Pods;
			sourceTree = "<group>";
		};
		8A39B6C1283F8A8200E53FF2 = {
			isa = PBXGroup;
			children = (
				8A39B6CC283F8A8200E53FF2 /* CookBook */,
				8A39B6CB283F8A8200E53FF2 /* Products */,
				163234B9BE7921825BED8BDC /* Pods */,
				C062DAEB3DCED345BD0BB39D /* Frameworks */,
			);
			sourceTree = "<group>";
		};
		8A39B6CB283F8A8200E53FF2 /* Products */ = {
			isa = PBXGroup;
			children = (
				8A39B6CA283F8A8200E53FF2 /* CookBook.app */,
			);
			name = Products;
			sourceTree = "<group>";
		};
		8A39B6CC283F8A8200E53FF2 /* CookBook */ = {
			isa = PBXGroup;
			children = (
				8A39B6E3283F988000E53FF2 /* Models */,
				8A39B6E2283F985A00E53FF2 /* Controllers */,
				8A39B6E1283F984500E53FF2 /* Views */,
				8A39B6CD283F8A8200E53FF2 /* AppDelegate.swift */,
				8A39B6CF283F8A8200E53FF2 /* SceneDelegate.swift */,
				8A39B6D6283F8A8300E53FF2 /* Assets.xcassets */,
				8A39B6D8283F8A8300E53FF2 /* LaunchScreen.storyboard */,
				8A39B6DB283F8A8300E53FF2 /* Info.plist */,
				5A7ACBC02849394900D70562 /* GoogleService-Info.plist */,
			);
			path = CookBook;
			sourceTree = "<group>";
		};
		8A39B6E1283F984500E53FF2 /* Views */ = {
			isa = PBXGroup;
			children = (
				8A39B6D3283F8A8200E53FF2 /* Main.storyboard */,
				8A66FD69284288D300596D66 /* RecipeCell.swift */,
				8A66FD6A284288D300596D66 /* RecipeCell.xib */,
			);
			path = Views;
			sourceTree = "<group>";
		};
		8A39B6E2283F985A00E53FF2 /* Controllers */ = {
			isa = PBXGroup;
			children = (
				8A39B6D1283F8A8200E53FF2 /* LoginViewController.swift */,
				8A39B6E8283FDD5000E53FF2 /* HomeViewController.swift */,
				8A39B6EE283FEEA800E53FF2 /* AddRecipeViewController.swift */,
				8A39B6F0283FEEBB00E53FF2 /* RecipeDetailsViewController.swift */,
				8A39B6F2283FEED200E53FF2 /* MyRecipeViewController.swift */,
			);
			path = Controllers;
			sourceTree = "<group>";
		};
		8A39B6E3283F988000E53FF2 /* Models */ = {
			isa = PBXGroup;
			children = (
				8A39B6E6283FB0A200E53FF2 /* AuthManager.swift */,
				8A39B6EA283FE91B00E53FF2 /* Recipe.swift */,
				8A39B6EC283FE97800E53FF2 /* HomeBrain.swift */,
				8A39B6F42840024000E53FF2 /* AddRecipeBrain.swift */,
				8AB8FD2F28411B5E005CA76B /* User.swift */,
				8A5DA5C3284222600070409E /* RecipeData.swift */,
				8AC4C8A7284695F7007BBAD8 /* RecipeDetailsBrain.swift */,
			);
			path = Models;
			sourceTree = "<group>";
		};
		C062DAEB3DCED345BD0BB39D /* Frameworks */ = {
			isa = PBXGroup;
			children = (
				20C82ADF8A15BFEF4E326D63 /* Pods_CookBook.framework */,
			);
			name = Frameworks;
			sourceTree = "<group>";
		};
/* End PBXGroup section */

/* Begin PBXNativeTarget section */
		8A39B6C9283F8A8200E53FF2 /* CookBook */ = {
			isa = PBXNativeTarget;
			buildConfigurationList = 8A39B6DE283F8A8300E53FF2 /* Build configuration list for PBXNativeTarget "CookBook" */;
			buildPhases = (
				02BB2E2DE8A3FC0B5C19B9CF /* [CP] Check Pods Manifest.lock */,
				8A39B6C6283F8A8200E53FF2 /* Sources */,
				8A39B6C7283F8A8200E53FF2 /* Frameworks */,
				8A39B6C8283F8A8200E53FF2 /* Resources */,
				0644C8986C24ECB80DA6A1EF /* [CP] Embed Pods Frameworks */,
			);
			buildRules = (
			);
			dependencies = (
			);
			name = CookBook;
			productName = CookBook;
			productReference = 8A39B6CA283F8A8200E53FF2 /* CookBook.app */;
			productType = "com.apple.product-type.application";
		};
/* End PBXNativeTarget section */

/* Begin PBXProject section */
		8A39B6C2283F8A8200E53FF2 /* Project object */ = {
			isa = PBXProject;
			attributes = {
				BuildIndependentTargetsInParallel = 1;
				LastSwiftUpdateCheck = 1340;
				LastUpgradeCheck = 1340;
				TargetAttributes = {
					8A39B6C9283F8A8200E53FF2 = {
						CreatedOnToolsVersion = 13.4;
					};
				};
			};
			buildConfigurationList = 8A39B6C5283F8A8200E53FF2 /* Build configuration list for PBXProject "CookBook" */;
			compatibilityVersion = "Xcode 13.0";
			developmentRegion = en;
			hasScannedForEncodings = 0;
			knownRegions = (
				en,
				Base,
			);
			mainGroup = 8A39B6C1283F8A8200E53FF2;
			productRefGroup = 8A39B6CB283F8A8200E53FF2 /* Products */;
			projectDirPath = "";
			projectRoot = "";
			targets = (
				8A39B6C9283F8A8200E53FF2 /* CookBook */,
			);
		};
/* End PBXProject section */

/* Begin PBXResourcesBuildPhase section */
		8A39B6C8283F8A8200E53FF2 /* Resources */ = {
			isa = PBXResourcesBuildPhase;
			buildActionMask = 2147483647;
			files = (
				8A39B6DA283F8A8300E53FF2 /* LaunchScreen.storyboard in Resources */,
				8A66FD6C284288D300596D66 /* RecipeCell.xib in Resources */,
				5A7ACBC12849394900D70562 /* GoogleService-Info.plist in Resources */,
				8A39B6D7283F8A8300E53FF2 /* Assets.xcassets in Resources */,
				8A39B6D5283F8A8200E53FF2 /* Main.storyboard in Resources */,
			);
			runOnlyForDeploymentPostprocessing = 0;
		};
/* End PBXResourcesBuildPhase section */

/* Begin PBXShellScriptBuildPhase section */
		02BB2E2DE8A3FC0B5C19B9CF /* [CP] Check Pods Manifest.lock */ = {
			isa = PBXShellScriptBuildPhase;
			buildActionMask = 2147483647;
			files = (
			);
			inputFileListPaths = (
			);
			inputPaths = (
				"${PODS_PODFILE_DIR_PATH}/Podfile.lock",
				"${PODS_ROOT}/Manifest.lock",
			);
			name = "[CP] Check Pods Manifest.lock";
			outputFileListPaths = (
			);
			outputPaths = (
				"$(DERIVED_FILE_DIR)/Pods-CookBook-checkManifestLockResult.txt",
			);
			runOnlyForDeploymentPostprocessing = 0;
			shellPath = /bin/sh;
			shellScript = "diff \"${PODS_PODFILE_DIR_PATH}/Podfile.lock\" \"${PODS_ROOT}/Manifest.lock\" > /dev/null\nif [ $? != 0 ] ; then\n    # print error to STDERR\n    echo \"error: The sandbox is not in sync with the Podfile.lock. Run 'pod install' or update your CocoaPods installation.\" >&2\n    exit 1\nfi\n# This output is used by Xcode 'outputs' to avoid re-running this script phase.\necho \"SUCCESS\" > \"${SCRIPT_OUTPUT_FILE_0}\"\n";
			showEnvVarsInLog = 0;
		};
		0644C8986C24ECB80DA6A1EF /* [CP] Embed Pods Frameworks */ = {
			isa = PBXShellScriptBuildPhase;
			buildActionMask = 2147483647;
			files = (
			);
			inputFileListPaths = (
				"${PODS_ROOT}/Target Support Files/Pods-CookBook/Pods-CookBook-frameworks-${CONFIGURATION}-input-files.xcfilelist",
			);
			name = "[CP] Embed Pods Frameworks";
			outputFileListPaths = (
				"${PODS_ROOT}/Target Support Files/Pods-CookBook/Pods-CookBook-frameworks-${CONFIGURATION}-output-files.xcfilelist",
			);
			runOnlyForDeploymentPostprocessing = 0;
			shellPath = /bin/sh;
			shellScript = "\"${PODS_ROOT}/Target Support Files/Pods-CookBook/Pods-CookBook-frameworks.sh\"\n";
			showEnvVarsInLog = 0;
		};
/* End PBXShellScriptBuildPhase section */

/* Begin PBXSourcesBuildPhase section */
		8A39B6C6283F8A8200E53FF2 /* Sources */ = {
			isa = PBXSourcesBuildPhase;
			buildActionMask = 2147483647;
			files = (
				8A39B6EF283FEEA800E53FF2 /* AddRecipeViewController.swift in Sources */,
				8A39B6E9283FDD5000E53FF2 /* HomeViewController.swift in Sources */,
				8A39B6D2283F8A8200E53FF2 /* LoginViewController.swift in Sources */,
				8A66FD6B284288D300596D66 /* RecipeCell.swift in Sources */,
				8A5DA5C4284222600070409E /* RecipeData.swift in Sources */,
				8A39B6ED283FE97800E53FF2 /* HomeBrain.swift in Sources */,
				8A39B6E7283FB0A200E53FF2 /* AuthManager.swift in Sources */,
				8AC4C8A8284695F7007BBAD8 /* RecipeDetailsBrain.swift in Sources */,
				8A39B6EB283FE91B00E53FF2 /* Recipe.swift in Sources */,
				8A39B6CE283F8A8200E53FF2 /* AppDelegate.swift in Sources */,
				8A39B6D0283F8A8200E53FF2 /* SceneDelegate.swift in Sources */,
				8AB8FD3028411B5F005CA76B /* User.swift in Sources */,
				8A39B6F3283FEED200E53FF2 /* MyRecipeViewController.swift in Sources */,
				8A39B6F1283FEEBB00E53FF2 /* RecipeDetailsViewController.swift in Sources */,
				8A39B6F52840024000E53FF2 /* AddRecipeBrain.swift in Sources */,
			);
			runOnlyForDeploymentPostprocessing = 0;
		};
/* End PBXSourcesBuildPhase section */

/* Begin PBXVariantGroup section */
		8A39B6D3283F8A8200E53FF2 /* Main.storyboard */ = {
			isa = PBXVariantGroup;
			children = (
				8A39B6D4283F8A8200E53FF2 /* Base */,
			);
			name = Main.storyboard;
			sourceTree = "<group>";
		};
		8A39B6D8283F8A8300E53FF2 /* LaunchScreen.storyboard */ = {
			isa = PBXVariantGroup;
			children = (
				8A39B6D9283F8A8300E53FF2 /* Base */,
			);
			name = LaunchScreen.storyboard;
			sourceTree = "<group>";
		};
/* End PBXVariantGroup section */

/* Begin XCBuildConfiguration section */
		8A39B6DC283F8A8300E53FF2 /* Debug */ = {
			isa = XCBuildConfiguration;
			buildSettings = {
				ALWAYS_SEARCH_USER_PATHS = NO;
				CLANG_ANALYZER_NONNULL = YES;
				CLANG_ANALYZER_NUMBER_OBJECT_CONVERSION = YES_AGGRESSIVE;
				CLANG_CXX_LANGUAGE_STANDARD = "gnu++17";
				CLANG_ENABLE_MODULES = YES;
				CLANG_ENABLE_OBJC_ARC = YES;
				CLANG_ENABLE_OBJC_WEAK = YES;
				CLANG_WARN_BLOCK_CAPTURE_AUTORELEASING = YES;
				CLANG_WARN_BOOL_CONVERSION = YES;
				CLANG_WARN_COMMA = YES;
				CLANG_WARN_CONSTANT_CONVERSION = YES;
				CLANG_WARN_DEPRECATED_OBJC_IMPLEMENTATIONS = YES;
				CLANG_WARN_DIRECT_OBJC_ISA_USAGE = YES_ERROR;
				CLANG_WARN_DOCUMENTATION_COMMENTS = YES;
				CLANG_WARN_EMPTY_BODY = YES;
				CLANG_WARN_ENUM_CONVERSION = YES;
				CLANG_WARN_INFINITE_RECURSION = YES;
				CLANG_WARN_INT_CONVERSION = YES;
				CLANG_WARN_NON_LITERAL_NULL_CONVERSION = YES;
				CLANG_WARN_OBJC_IMPLICIT_RETAIN_SELF = YES;
				CLANG_WARN_OBJC_LITERAL_CONVERSION = YES;
				CLANG_WARN_OBJC_ROOT_CLASS = YES_ERROR;
				CLANG_WARN_QUOTED_INCLUDE_IN_FRAMEWORK_HEADER = YES;
				CLANG_WARN_RANGE_LOOP_ANALYSIS = YES;
				CLANG_WARN_STRICT_PROTOTYPES = YES;
				CLANG_WARN_SUSPICIOUS_MOVE = YES;
				CLANG_WARN_UNGUARDED_AVAILABILITY = YES_AGGRESSIVE;
				CLANG_WARN_UNREACHABLE_CODE = YES;
				CLANG_WARN__DUPLICATE_METHOD_MATCH = YES;
				COPY_PHASE_STRIP = NO;
				DEBUG_INFORMATION_FORMAT = dwarf;
				ENABLE_STRICT_OBJC_MSGSEND = YES;
				ENABLE_TESTABILITY = YES;
				GCC_C_LANGUAGE_STANDARD = gnu11;
				GCC_DYNAMIC_NO_PIC = NO;
				GCC_NO_COMMON_BLOCKS = YES;
				GCC_OPTIMIZATION_LEVEL = 0;
				GCC_PREPROCESSOR_DEFINITIONS = (
					"DEBUG=1",
					"$(inherited)",
				);
				GCC_WARN_64_TO_32_BIT_CONVERSION = YES;
				GCC_WARN_ABOUT_RETURN_TYPE = YES_ERROR;
				GCC_WARN_UNDECLARED_SELECTOR = YES;
				GCC_WARN_UNINITIALIZED_AUTOS = YES_AGGRESSIVE;
				GCC_WARN_UNUSED_FUNCTION = YES;
				GCC_WARN_UNUSED_VARIABLE = YES;
				IPHONEOS_DEPLOYMENT_TARGET = 15.5;
				MTL_ENABLE_DEBUG_INFO = INCLUDE_SOURCE;
				MTL_FAST_MATH = YES;
				ONLY_ACTIVE_ARCH = YES;
				SDKROOT = iphoneos;
				SWIFT_ACTIVE_COMPILATION_CONDITIONS = DEBUG;
				SWIFT_OPTIMIZATION_LEVEL = "-Onone";
			};
			name = Debug;
		};
		8A39B6DD283F8A8300E53FF2 /* Release */ = {
			isa = XCBuildConfiguration;
			buildSettings = {
				ALWAYS_SEARCH_USER_PATHS = NO;
				CLANG_ANALYZER_NONNULL = YES;
				CLANG_ANALYZER_NUMBER_OBJECT_CONVERSION = YES_AGGRESSIVE;
				CLANG_CXX_LANGUAGE_STANDARD = "gnu++17";
				CLANG_ENABLE_MODULES = YES;
				CLANG_ENABLE_OBJC_ARC = YES;
				CLANG_ENABLE_OBJC_WEAK = YES;
				CLANG_WARN_BLOCK_CAPTURE_AUTORELEASING = YES;
				CLANG_WARN_BOOL_CONVERSION = YES;
				CLANG_WARN_COMMA = YES;
				CLANG_WARN_CONSTANT_CONVERSION = YES;
				CLANG_WARN_DEPRECATED_OBJC_IMPLEMENTATIONS = YES;
				CLANG_WARN_DIRECT_OBJC_ISA_USAGE = YES_ERROR;
				CLANG_WARN_DOCUMENTATION_COMMENTS = YES;
				CLANG_WARN_EMPTY_BODY = YES;
				CLANG_WARN_ENUM_CONVERSION = YES;
				CLANG_WARN_INFINITE_RECURSION = YES;
				CLANG_WARN_INT_CONVERSION = YES;
				CLANG_WARN_NON_LITERAL_NULL_CONVERSION = YES;
				CLANG_WARN_OBJC_IMPLICIT_RETAIN_SELF = YES;
				CLANG_WARN_OBJC_LITERAL_CONVERSION = YES;
				CLANG_WARN_OBJC_ROOT_CLASS = YES_ERROR;
				CLANG_WARN_QUOTED_INCLUDE_IN_FRAMEWORK_HEADER = YES;
				CLANG_WARN_RANGE_LOOP_ANALYSIS = YES;
				CLANG_WARN_STRICT_PROTOTYPES = YES;
				CLANG_WARN_SUSPICIOUS_MOVE = YES;
				CLANG_WARN_UNGUARDED_AVAILABILITY = YES_AGGRESSIVE;
				CLANG_WARN_UNREACHABLE_CODE = YES;
				CLANG_WARN__DUPLICATE_METHOD_MATCH = YES;
				COPY_PHASE_STRIP = NO;
				DEBUG_INFORMATION_FORMAT = "dwarf-with-dsym";
				ENABLE_NS_ASSERTIONS = NO;
				ENABLE_STRICT_OBJC_MSGSEND = YES;
				GCC_C_LANGUAGE_STANDARD = gnu11;
				GCC_NO_COMMON_BLOCKS = YES;
				GCC_WARN_64_TO_32_BIT_CONVERSION = YES;
				GCC_WARN_ABOUT_RETURN_TYPE = YES_ERROR;
				GCC_WARN_UNDECLARED_SELECTOR = YES;
				GCC_WARN_UNINITIALIZED_AUTOS = YES_AGGRESSIVE;
				GCC_WARN_UNUSED_FUNCTION = YES;
				GCC_WARN_UNUSED_VARIABLE = YES;
				IPHONEOS_DEPLOYMENT_TARGET = 15.5;
				MTL_ENABLE_DEBUG_INFO = NO;
				MTL_FAST_MATH = YES;
				SDKROOT = iphoneos;
				SWIFT_COMPILATION_MODE = wholemodule;
				SWIFT_OPTIMIZATION_LEVEL = "-O";
				VALIDATE_PRODUCT = YES;
			};
			name = Release;
		};
		8A39B6DF283F8A8300E53FF2 /* Debug */ = {
			isa = XCBuildConfiguration;
			baseConfigurationReference = E17199A0DF8AF0776A17CB82 /* Pods-CookBook.debug.xcconfig */;
			buildSettings = {
				ASSETCATALOG_COMPILER_APPICON_NAME = AppIcon;
				ASSETCATALOG_COMPILER_GLOBAL_ACCENT_COLOR_NAME = AccentColor;
				CODE_SIGN_STYLE = Automatic;
				CURRENT_PROJECT_VERSION = 1;
				GENERATE_INFOPLIST_FILE = YES;
				INFOPLIST_FILE = CookBook/Info.plist;
				INFOPLIST_KEY_UIApplicationSupportsIndirectInputEvents = YES;
				INFOPLIST_KEY_UILaunchStoryboardName = LaunchScreen;
				INFOPLIST_KEY_UIMainStoryboardFile = Main;
				INFOPLIST_KEY_UISupportedInterfaceOrientations_iPad = "UIInterfaceOrientationPortrait UIInterfaceOrientationPortraitUpsideDown UIInterfaceOrientationLandscapeLeft UIInterfaceOrientationLandscapeRight";
				INFOPLIST_KEY_UISupportedInterfaceOrientations_iPhone = "UIInterfaceOrientationPortrait UIInterfaceOrientationLandscapeLeft UIInterfaceOrientationLandscapeRight";
				LD_RUNPATH_SEARCH_PATHS = (
					"$(inherited)",
					"@executable_path/Frameworks",
				);
				MARKETING_VERSION = 1.0;
				PRODUCT_BUNDLE_IDENTIFIER = com.example.CookBook;
				PRODUCT_NAME = "$(TARGET_NAME)";
				SWIFT_EMIT_LOC_STRINGS = YES;
				SWIFT_VERSION = 5.0;
				TARGETED_DEVICE_FAMILY = "1,2";
			};
			name = Debug;
		};
		8A39B6E0283F8A8300E53FF2 /* Release */ = {
			isa = XCBuildConfiguration;
			baseConfigurationReference = 3C62C564712F05828F579C8D /* Pods-CookBook.release.xcconfig */;
			buildSettings = {
				ASSETCATALOG_COMPILER_APPICON_NAME = AppIcon;
				ASSETCATALOG_COMPILER_GLOBAL_ACCENT_COLOR_NAME = AccentColor;
				CODE_SIGN_STYLE = Automatic;
				CURRENT_PROJECT_VERSION = 1;
				GENERATE_INFOPLIST_FILE = YES;
				INFOPLIST_FILE = CookBook/Info.plist;
				INFOPLIST_KEY_UIApplicationSupportsIndirectInputEvents = YES;
				INFOPLIST_KEY_UILaunchStoryboardName = LaunchScreen;
				INFOPLIST_KEY_UIMainStoryboardFile = Main;
				INFOPLIST_KEY_UISupportedInterfaceOrientations_iPad = "UIInterfaceOrientationPortrait UIInterfaceOrientationPortraitUpsideDown UIInterfaceOrientationLandscapeLeft UIInterfaceOrientationLandscapeRight";
				INFOPLIST_KEY_UISupportedInterfaceOrientations_iPhone = "UIInterfaceOrientationPortrait UIInterfaceOrientationLandscapeLeft UIInterfaceOrientationLandscapeRight";
				LD_RUNPATH_SEARCH_PATHS = (
					"$(inherited)",
					"@executable_path/Frameworks",
				);
				MARKETING_VERSION = 1.0;
				PRODUCT_BUNDLE_IDENTIFIER = com.example.CookBook;
				PRODUCT_NAME = "$(TARGET_NAME)";
				SWIFT_EMIT_LOC_STRINGS = YES;
				SWIFT_VERSION = 5.0;
				TARGETED_DEVICE_FAMILY = "1,2";
			};
			name = Release;
		};
/* End XCBuildConfiguration section */

/* Begin XCConfigurationList section */
		8A39B6C5283F8A8200E53FF2 /* Build configuration list for PBXProject "CookBook" */ = {
			isa = XCConfigurationList;
			buildConfigurations = (
				8A39B6DC283F8A8300E53FF2 /* Debug */,
				8A39B6DD283F8A8300E53FF2 /* Release */,
			);
			defaultConfigurationIsVisible = 0;
			defaultConfigurationName = Release;
		};
		8A39B6DE283F8A8300E53FF2 /* Build configuration list for PBXNativeTarget "CookBook" */ = {
			isa = XCConfigurationList;
			buildConfigurations = (
				8A39B6DF283F8A8300E53FF2 /* Debug */,
				8A39B6E0283F8A8300E53FF2 /* Release */,
			);
			defaultConfigurationIsVisible = 0;
			defaultConfigurationName = Release;
		};
/* End XCConfigurationList section */
	};
	rootObject = 8A39B6C2283F8A8200E53FF2 /* Project object */;
}
